# generated by rye
# use `rye lock` or `rye sync` to update this lockfile
#
# last locked with the following flags:
#   pre: false
#   features: []
#   all-features: false
#   with-sources: false
#   generate-hashes: false

-e file:.
annotated-types==0.7.0
    # via pydantic
iniconfig==2.0.0
    # via pytest
mypy==1.11.0
mypy-extensions==1.0.0
    # via mypy
packaging==24.1
    # via pytest
pluggy==1.5.0
    # via pytest
pydantic==2.8.2
    # via utils
pydantic-core==2.20.1
    # via pydantic
pytest==8.3.2
ruff==0.5.5
typing-extensions==4.12.2
    # via mypy
    # via pydantic
    # via pydantic-core
